
Microsoft Visual Studio Solution File, Format Version 12.00
# Visual Studio Version 16
VisualStudioVersion = 16.0.31729.503
MinimumVisualStudioVersion = 10.0.40219.1
Project("{FAE04EC0-301F-11D3-BF4B-00C04F79EFBC}") = "Algorithmization-and-programming_HomeWork02", "Algorithmization-and-programming_HomeWork02.csproj", "{7582AF3F-D766-4E78-A1B1-72482138F217}"
EndProject
Global
	GlobalSection(SolutionConfigurationPlatforms) = preSolution
		Debug|Any CPU = Debug|Any CPU
		Release|Any CPU = Release|Any CPU
	EndGlobalSection
	GlobalSection(ProjectConfigurationPlatforms) = postSolution
		{7582AF3F-D766-4E78-A1B1-72482138F217}.Debug|Any CPU.ActiveCfg = Debug|Any CPU
		{7582AF3F-D766-4E78-A1B1-72482138F217}.Debug|Any CPU.Build.0 = Debug|Any CPU
		{7582AF3F-D766-4E78-A1B1-72482138F217}.Release|Any CPU.ActiveCfg = Release|Any CPU
		{7582AF3F-D766-4E78-A1B1-72482138F217}.Release|Any CPU.Build.0 = Release|Any CPU
	EndGlobalSection
	GlobalSection(SolutionProperties) = preSolution
		HideSolutionNode = FALSE
	EndGlobalSection
	GlobalSection(ExtensibilityGlobals) = postSolution
		SolutionGuid = {909D1EB4-C3B0-4CF8-889D-A75C0863EF63}
	EndGlobalSection
EndGlobal
